{
  "nodes": {
    "flake-programs-sqlite": {
      "inputs": {
        "nixpkgs": [
          "nixpkgs"
        ],
        "utils": "utils"
      },
      "locked": {
        "lastModified": 1721804614,
        "narHash": "sha256-ZLDHXa8LosSgZXhyGg0Q+YQawTranshRh80veaEvuCc=",
        "owner": "wamserma",
        "repo": "flake-programs-sqlite",
        "rev": "50df3e4210f1ce589ba46e983b59334c3e2d5739",
        "type": "github"
      },
      "original": {
        "owner": "wamserma",
        "repo": "flake-programs-sqlite",
        "type": "github"
      }
    },
    "home-manager": {
      "inputs": {
        "nixpkgs": [
          "nixpkgs"
        ]
      },
      "locked": {
        "lastModified": 1721804110,
        "narHash": "sha256-i4jINRazBKPqlaS+qhlP+kV/UHEq3vs5itfpblqu4ZM=",
        "owner": "nix-community",
        "repo": "home-manager",
        "rev": "af70fc502a15d7e1e4c5a4c4fc8e06c2ec561e0c",
        "type": "github"
      },
      "original": {
        "owner": "nix-community",
        "repo": "home-manager",
        "type": "github"
      }
    },
    "nixpkgs": {
      "locked": {
        "lastModified": 1721562059,
        "narHash": "sha256-Tybxt65eyOARf285hMHIJ2uul8SULjFZbT9ZaEeUnP8=",
        "owner": "NixOS",
        "repo": "nixpkgs",
        "rev": "68c9ed8bbed9dfce253cc91560bf9043297ef2fe",
        "type": "github"
      },
      "original": {
        "owner": "NixOS",
        "ref": "nixos-unstable",
        "repo": "nixpkgs",
        "type": "github"
      }
    },
    "root": {
      "inputs": {
        "flake-programs-sqlite": "flake-programs-sqlite",
        "home-manager": "home-manager",
        "nixpkgs": "nixpkgs"
      }
    },
    "utils": {
      "locked": {
        "lastModified": 1678901627,
        "narHash": "sha256-U02riOqrKKzwjsxc/400XnElV+UtPUQWpANPlyazjH0=",
        "owner": "numtide",
        "repo": "flake-utils",
        "rev": "93a2b84fc4b70d9e089d029deacc3583435c2ed6",
        "type": "github"
      },
      "original": {
        "owner": "numtide",
        "repo": "flake-utils",
        "type": "github"
      }
    }
  },
  "root": "root",
  "version": 7
}
